# This is a Gradle generated file for dependency locking.
# Manual edits can break the build and are reviewed as supply-chain changes.
org.junit.platform:junit-platform-console-standalone:1.13.4=testCompileClasspath,testRuntimeClasspath
org.jacoco:org.jacoco.agent:0.8.15=jacocoAgent
org.jacoco:org.jacoco.ant:0.8.15=jacocoAnt
org.jacoco:org.jacoco.core:0.8.15=jacocoAnt
org.jacoco:org.jacoco.report:0.8.15=jacocoAnt
org.ow2.asm:asm:9.10.1=jacocoAnt
org.ow2.asm:asm-commons:9.10.1=jacocoAnt
org.ow2.asm:asm-analysis:9.10.1=jacocoAnt
org.ow2.asm:asm-tree:9.10.1=jacocoAnt
org.ow2.asm:asm-util:9.10.1=jacocoAnt
empty=annotationProcessor,compileClasspath,runtimeClasspath,testAnnotationProcessor
